
Microsoft Visual Studio Solution File, Format Version 12.00
# Visual Studio Version 17
VisualStudioVersion = 17.3.32825.248
MinimumVisualStudioVersion = 10.0.40219.1
Project("{FAE04EC0-301F-11D3-BF4B-00C04F79EFBC}") = "WebApi", "WebApi\WebApi.csproj", "{D57DE6CD-EEFD-456B-9A6E-67328FCA3CAD}"
EndProject
Global
	GlobalSection(SolutionConfigurationPlatforms) = preSolution
		Debug|Any CPU = Debug|Any CPU
		Release|Any CPU = Release|Any CPU
	EndGlobalSection
	GlobalSection(ProjectConfigurationPlatforms) = postSolution
		{D57DE6CD-EEFD-456B-9A6E-67328FCA3CAD}.Debug|Any CPU.ActiveCfg = Debug|Any CPU
		{D57DE6CD-EEFD-456B-9A6E-67328FCA3CAD}.Debug|Any CPU.Build.0 = Debug|Any CPU
		{D57DE6CD-EEFD-456B-9A6E-67328FCA3CAD}.Release|Any CPU.ActiveCfg = Release|Any CPU
		{D57DE6CD-EEFD-456B-9A6E-67328FCA3CAD}.Release|Any CPU.Build.0 = Release|Any CPU
	EndGlobalSection
	GlobalSection(SolutionProperties) = preSolution
		HideSolutionNode = FALSE
	EndGlobalSection
	GlobalSection(ExtensibilityGlobals) = postSolution
		SolutionGuid = {688A514C-ABD0-4FFA-A4B4-F601781DF79C}
	EndGlobalSection
EndGlobal
